PATH
  remote: .
  specs:
    opt_struct (1.7.0)

GEM
  remote: https://rubygems.org/
  specs:
    coderay (1.1.3)
    date (3.5.1)
    diff-lcs (1.6.2)
    erb (6.0.2)
    io-console (0.8.2)
    method_source (1.1.0)
    ostruct (0.6.3)
    pry (0.16.0)
      coderay (~> 1.1)
      method_source (~> 1.0)
      reline (>= 0.6.0)
    psych (5.3.1)
      date
      stringio
    rake (13.3.1)
    rdoc (7.2.0)
      erb
      psych (>= 4.0.0)
      tsort
    reline (0.6.3)
      io-console (~> 0.5)
    rspec (3.13.2)
      rspec-core (~> 3.13.0)
      rspec-expectations (~> 3.13.0)
      rspec-mocks (~> 3.13.0)
    rspec-core (3.13.6)
      rspec-support (~> 3.13.0)
    rspec-expectations (3.13.5)
      diff-lcs (>= 1.2.0, < 2.0)
      rspec-support (~> 3.13.0)
    rspec-mocks (3.13.8)
      diff-lcs (>= 1.2.0, < 2.0)
      rspec-support (~> 3.13.0)
    rspec-support (3.13.7)
    sdoc (2.6.5)
      rdoc (>= 5.0)
    stringio (3.2.0)
    tsort (0.2.0)

PLATFORMS
  ruby
  x86_64-linux

DEPENDENCIES
  opt_struct!
  ostruct
  pry
  rake
  rspec
  sdoc

BUNDLED WITH
   4.0.9
